{
  "nodes": {
    "erethonpkgs": {
      "locked": {
        "lastModified": 1727210649,
        "narHash": "sha256-HblBhJfqKhZPnGLXGL6VWucHV9fxUc/GD/ERqcO1z+s=",
        "owner": "erethon",
        "repo": "nixpkgs",
        "rev": "f209faf135dd4ac7683cda132c6a3d5ad7b55c5d",
        "type": "github"
      },
      "original": {
        "owner": "erethon",
        "ref": "hs232",
        "repo": "nixpkgs",
        "type": "github"
      }
    },
    "impermanence": {
      "locked": {
        "lastModified": 1727198257,
        "narHash": "sha256-/qMVI+SG9zvhLbQFOnqb4y4BH6DdK3DQHZU5qGptehc=",
        "owner": "nix-community",
        "repo": "impermanence",
        "rev": "8514fff0f048557723021ffeb31ca55f69b67de3",
        "type": "github"
      },
      "original": {
        "owner": "nix-community",
        "repo": "impermanence",
        "type": "github"
      }
    },
    "nixpkgs": {
      "locked": {
        "lastModified": 1726969270,
        "narHash": "sha256-8fnFlXBgM/uSvBlLWjZ0Z0sOdRBesyNdH0+esxqizGc=",
        "owner": "NixOS",
        "repo": "nixpkgs",
        "rev": "23cbb250f3bf4f516a2d0bf03c51a30900848075",
        "type": "github"
      },
      "original": {
        "owner": "NixOS",
        "ref": "nixos-24.05",
        "repo": "nixpkgs",
        "type": "github"
      }
    },
    "root": {
      "inputs": {
        "erethonpkgs": "erethonpkgs",
        "impermanence": "impermanence",
        "nixpkgs": "nixpkgs"
      }
    }
  },
  "root": "root",
  "version": 7
}
