{
  "nodes": {
    "agenix": {
      "inputs": {
        "darwin": [],
        "home-manager": [],
        "nixpkgs": [
          "nixpkgs"
        ],
        "systems": "systems"
      },
      "locked": {
        "lastModified": 1770165109,
        "narHash": "sha256-9VnK6Oqai65puVJ4WYtCTvlJeXxMzAp/69HhQuTdl/I=",
        "owner": "ryantm",
        "repo": "agenix",
        "rev": "b027ee29d959fda4b60b57566d64c98a202e0feb",
        "type": "github"
      },
      "original": {
        "owner": "ryantm",
        "repo": "agenix",
        "type": "github"
      }
    },
    "home-manager": {
      "inputs": {
        "nixpkgs": [
          "impermanence",
          "nixpkgs"
        ]
      },
      "locked": {
        "lastModified": 1768598210,
        "narHash": "sha256-kkgA32s/f4jaa4UG+2f8C225Qvclxnqs76mf8zvTVPg=",
        "owner": "nix-community",
        "repo": "home-manager",
        "rev": "c47b2cc64a629f8e075de52e4742de688f930dc6",
        "type": "github"
      },
      "original": {
        "owner": "nix-community",
        "repo": "home-manager",
        "type": "github"
      }
    },
    "impermanence": {
      "inputs": {
        "home-manager": "home-manager",
        "nixpkgs": "nixpkgs"
      },
      "locked": {
        "lastModified": 1769548169,
        "narHash": "sha256-03+JxvzmfwRu+5JafM0DLbxgHttOQZkUtDWBmeUkN8Y=",
        "owner": "nix-community",
        "repo": "impermanence",
        "rev": "7b1d382faf603b6d264f58627330f9faa5cba149",
        "type": "github"
      },
      "original": {
        "owner": "nix-community",
        "repo": "impermanence",
        "type": "github"
      }
    },
    "nixpkgs": {
      "locked": {
        "lastModified": 1768564909,
        "narHash": "sha256-Kell/SpJYVkHWMvnhqJz/8DqQg2b6PguxVWOuadbHCc=",
        "owner": "nixos",
        "repo": "nixpkgs",
        "rev": "e4bae1bd10c9c57b2cf517953ab70060a828ee6f",
        "type": "github"
      },
      "original": {
        "owner": "nixos",
        "ref": "nixos-unstable",
        "repo": "nixpkgs",
        "type": "github"
      }
    },
    "nixpkgs_2": {
      "locked": {
        "lastModified": 1779796641,
        "narHash": "sha256-ZsIrKmhp4vbBXoXXmR/tBXA/UCsAQiJL9vsgZEduhVY=",
        "owner": "NixOS",
        "repo": "nixpkgs",
        "rev": "25f538306313eae3927264466c70d7001dcea1df",
        "type": "github"
      },
      "original": {
        "owner": "NixOS",
        "ref": "nixos-25.11",
        "repo": "nixpkgs",
        "type": "github"
      }
    },
    "root": {
      "inputs": {
        "agenix": "agenix",
        "impermanence": "impermanence",
        "nixpkgs": "nixpkgs_2",
        "unstablenixpkgs": "unstablenixpkgs"
      }
    },
    "systems": {
      "locked": {
        "lastModified": 1681028828,
        "narHash": "sha256-Vy1rq5AaRuLzOxct8nz4T6wlgyUR7zLU309k9mBC768=",
        "owner": "nix-systems",
        "repo": "default",
        "rev": "da67096a3b9bf56a91d16901293e51ba5b49a27e",
        "type": "github"
      },
      "original": {
        "owner": "nix-systems",
        "repo": "default",
        "type": "github"
      }
    },
    "unstablenixpkgs": {
      "locked": {
        "lastModified": 1780159420,
        "narHash": "sha256-FQ5Cg+HHVjkzj1po9JltidWrosy3PxnzIl4UDdtZNao=",
        "owner": "NixOS",
        "repo": "nixpkgs",
        "rev": "1f6a0029eccfab2a9c6067fca30a0d1df334cada",
        "type": "github"
      },
      "original": {
        "owner": "NixOS",
        "ref": "master",
        "repo": "nixpkgs",
        "type": "github"
      }
    }
  },
  "root": "root",
  "version": 7
}
